// !$*UTF8*$!
{
	archiveVersion = 1;
	classes = {
	};
	objectVersion = 56;
	objects = {

/* Begin PBXBuildFile section */
		780D99C92BCC830D001BCDB2 /* MasteringSwiftUIApp.swift in Sources */ = {isa = PBXBuildFile; fileRef = 780D99C82BCC830D001BCDB2 /* MasteringSwiftUIApp.swift */; };
		780D99CB2BCC830D001BCDB2 /* ContentView.swift in Sources */ = {isa = PBXBuildFile; fileRef = 780D99CA2BCC830D001BCDB2 /* ContentView.swift */; };
		780D99CD2BCC830F001BCDB2 /* Assets.xcassets in Resources */ = {isa = PBXBuildFile; fileRef = 780D99CC2BCC830F001BCDB2 /* Assets.xcassets */; };
		780D99D02BCC830F001BCDB2 /* Preview Assets.xcassets in Resources */ = {isa = PBXBuildFile; fileRef = 780D99CF2BCC830F001BCDB2 /* Preview Assets.xcassets */; };
		780D99D72BCC8874001BCDB2 /* FontAnimation.swift in Sources */ = {isa = PBXBuildFile; fileRef = 780D99D62BCC8874001BCDB2 /* FontAnimation.swift */; };
		780D99D92BCC8A27001BCDB2 /* MasteringGrids.swift in Sources */ = {isa = PBXBuildFile; fileRef = 780D99D82BCC8A27001BCDB2 /* MasteringGrids.swift */; };
		780D99DB2BCC8C00001BCDB2 /* MasteringNavigation.swift in Sources */ = {isa = PBXBuildFile; fileRef = 780D99DA2BCC8C00001BCDB2 /* MasteringNavigation.swift */; };
		780D99DD2BCCABAE001BCDB2 /* ListExercise.swift in Sources */ = {isa = PBXBuildFile; fileRef = 780D99DC2BCCABAE001BCDB2 /* ListExercise.swift */; };
		780D99DF2BCCACE2001BCDB2 /* GradientAnimation.swift in Sources */ = {isa = PBXBuildFile; fileRef = 780D99DE2BCCACE2001BCDB2 /* GradientAnimation.swift */; };
		780D9A2A2BCD6F48001BCDB2 /* Navigationing.swift in Sources */ = {isa = PBXBuildFile; fileRef = 780D9A292BCD6F48001BCDB2 /* Navigationing.swift */; };
		780D9A2C2BCD76FD001BCDB2 /* MasterGrids.swift in Sources */ = {isa = PBXBuildFile; fileRef = 780D9A2B2BCD76FD001BCDB2 /* MasterGrids.swift */; };
		780D9A2E2BCD7994001BCDB2 /* ImageDrag.swift in Sources */ = {isa = PBXBuildFile; fileRef = 780D9A2D2BCD7994001BCDB2 /* ImageDrag.swift */; };
		780D9A302BCD7A2C001BCDB2 /* ImageConsts.swift in Sources */ = {isa = PBXBuildFile; fileRef = 780D9A2F2BCD7A2C001BCDB2 /* ImageConsts.swift */; };
		780D9A322BCD7B35001BCDB2 /* DraggableImageModel.swift in Sources */ = {isa = PBXBuildFile; fileRef = 780D9A312BCD7B35001BCDB2 /* DraggableImageModel.swift */; };
		780D9A342BCD8F36001BCDB2 /* TrimCapsulke.swift in Sources */ = {isa = PBXBuildFile; fileRef = 780D9A332BCD8F36001BCDB2 /* TrimCapsulke.swift */; };
/* End PBXBuildFile section */

/* Begin PBXFileReference section */
		780D99C52BCC830D001BCDB2 /* MasteringSwiftUI.app */ = {isa = PBXFileReference; explicitFileType = wrapper.application; includeInIndex = 0; path = MasteringSwiftUI.app; sourceTree = BUILT_PRODUCTS_DIR; };
		780D99C82BCC830D001BCDB2 /* MasteringSwiftUIApp.swift */ = {isa = PBXFileReference; lastKnownFileType = sourcecode.swift; path = MasteringSwiftUIApp.swift; sourceTree = "<group>"; };
		780D99CA2BCC830D001BCDB2 /* ContentView.swift */ = {isa = PBXFileReference; lastKnownFileType = sourcecode.swift; path = ContentView.swift; sourceTree = "<group>"; };
		780D99CC2BCC830F001BCDB2 /* Assets.xcassets */ = {isa = PBXFileReference; lastKnownFileType = folder.assetcatalog; path = Assets.xcassets; sourceTree = "<group>"; };
		780D99CF2BCC830F001BCDB2 /* Preview Assets.xcassets */ = {isa = PBXFileReference; lastKnownFileType = folder.assetcatalog; path = "Preview Assets.xcassets"; sourceTree = "<group>"; };
		780D99D62BCC8874001BCDB2 /* FontAnimation.swift */ = {isa = PBXFileReference; lastKnownFileType = sourcecode.swift; path = FontAnimation.swift; sourceTree = "<group>"; };
		780D99D82BCC8A27001BCDB2 /* MasteringGrids.swift */ = {isa = PBXFileReference; lastKnownFileType = sourcecode.swift; path = MasteringGrids.swift; sourceTree = "<group>"; };
		780D99DA2BCC8C00001BCDB2 /* MasteringNavigation.swift */ = {isa = PBXFileReference; lastKnownFileType = sourcecode.swift; path = MasteringNavigation.swift; sourceTree = "<group>"; };
		780D99DC2BCCABAE001BCDB2 /* ListExercise.swift */ = {isa = PBXFileReference; lastKnownFileType = sourcecode.swift; path = ListExercise.swift; sourceTree = "<group>"; };
		780D99DE2BCCACE2001BCDB2 /* GradientAnimation.swift */ = {isa = PBXFileReference; lastKnownFileType = sourcecode.swift; path = GradientAnimation.swift; sourceTree = "<group>"; };
		780D9A292BCD6F48001BCDB2 /* Navigationing.swift */ = {isa = PBXFileReference; lastKnownFileType = sourcecode.swift; path = Navigationing.swift; sourceTree = "<group>"; };
		780D9A2B2BCD76FD001BCDB2 /* MasterGrids.swift */ = {isa = PBXFileReference; lastKnownFileType = sourcecode.swift; path = MasterGrids.swift; sourceTree = "<group>"; };
		780D9A2D2BCD7994001BCDB2 /* ImageDrag.swift */ = {isa = PBXFileReference; lastKnownFileType = sourcecode.swift; path = ImageDrag.swift; sourceTree = "<group>"; };
		780D9A2F2BCD7A2C001BCDB2 /* ImageConsts.swift */ = {isa = PBXFileReference; lastKnownFileType = sourcecode.swift; path = ImageConsts.swift; sourceTree = "<group>"; };
		780D9A312BCD7B35001BCDB2 /* DraggableImageModel.swift */ = {isa = PBXFileReference; lastKnownFileType = sourcecode.swift; path = DraggableImageModel.swift; sourceTree = "<group>"; };
		780D9A332BCD8F36001BCDB2 /* TrimCapsulke.swift */ = {isa = PBXFileReference; lastKnownFileType = sourcecode.swift; path = TrimCapsulke.swift; sourceTree = "<group>"; };
/* End PBXFileReference section */

/* Begin PBXFrameworksBuildPhase section */
		780D99C22BCC830D001BCDB2 /* Frameworks */ = {
			isa = PBXFrameworksBuildPhase;
			buildActionMask = 2147483647;
			files = (
			);
			runOnlyForDeploymentPostprocessing = 0;
		};
/* End PBXFrameworksBuildPhase section */

/* Begin PBXGroup section */
		780D99BC2BCC830D001BCDB2 = {
			isa = PBXGroup;
			children = (
				780D9A332BCD8F36001BCDB2 /* TrimCapsulke.swift */,
				780D99C72BCC830D001BCDB2 /* MasteringSwiftUI */,
				780D99C62BCC830D001BCDB2 /* Products */,
			);
			sourceTree = "<group>";
		};
		780D99C62BCC830D001BCDB2 /* Products */ = {
			isa = PBXGroup;
			children = (
				780D99C52BCC830D001BCDB2 /* MasteringSwiftUI.app */,
			);
			name = Products;
			sourceTree = "<group>";
		};
		780D99C72BCC830D001BCDB2 /* MasteringSwiftUI */ = {
			isa = PBXGroup;
			children = (
				780D9A282BCD6F1A001BCDB2 /* AdvancedSwiftUI */,
				780D9A272BCD6EF9001BCDB2 /* BasicSwiftUI */,
				780D99C82BCC830D001BCDB2 /* MasteringSwiftUIApp.swift */,
				780D99CC2BCC830F001BCDB2 /* Assets.xcassets */,
				780D99CE2BCC830F001BCDB2 /* Preview Content */,
			);
			path = MasteringSwiftUI;
			sourceTree = "<group>";
		};
		780D99CE2BCC830F001BCDB2 /* Preview Content */ = {
			isa = PBXGroup;
			children = (
				780D99CF2BCC830F001BCDB2 /* Preview Assets.xcassets */,
			);
			path = "Preview Content";
			sourceTree = "<group>";
		};
		780D9A272BCD6EF9001BCDB2 /* BasicSwiftUI */ = {
			isa = PBXGroup;
			children = (
				780D99CA2BCC830D001BCDB2 /* ContentView.swift */,
				780D99DE2BCCACE2001BCDB2 /* GradientAnimation.swift */,
				780D99DC2BCCABAE001BCDB2 /* ListExercise.swift */,
				780D99DA2BCC8C00001BCDB2 /* MasteringNavigation.swift */,
				780D99D82BCC8A27001BCDB2 /* MasteringGrids.swift */,
				780D99D62BCC8874001BCDB2 /* FontAnimation.swift */,
			);
			path = BasicSwiftUI;
			sourceTree = "<group>";
		};
		780D9A282BCD6F1A001BCDB2 /* AdvancedSwiftUI */ = {
			isa = PBXGroup;
			children = (
				780D9A292BCD6F48001BCDB2 /* Navigationing.swift */,
				780D9A2B2BCD76FD001BCDB2 /* MasterGrids.swift */,
				780D9A2F2BCD7A2C001BCDB2 /* ImageConsts.swift */,
				780D9A2D2BCD7994001BCDB2 /* ImageDrag.swift */,
				780D9A312BCD7B35001BCDB2 /* DraggableImageModel.swift */,
			);
			path = AdvancedSwiftUI;
			sourceTree = "<group>";
		};
/* End PBXGroup section */

/* Begin PBXNativeTarget section */
		780D99C42BCC830D001BCDB2 /* MasteringSwiftUI */ = {
			isa = PBXNativeTarget;
			buildConfigurationList = 780D99D32BCC830F001BCDB2 /* Build configuration list for PBXNativeTarget "MasteringSwiftUI" */;
			buildPhases = (
				780D99C12BCC830D001BCDB2 /* Sources */,
				780D99C22BCC830D001BCDB2 /* Frameworks */,
				780D99C32BCC830D001BCDB2 /* Resources */,
			);
			buildRules = (
			);
			dependencies = (
			);
			name = MasteringSwiftUI;
			productName = MasteringSwiftUI;
			productReference = 780D99C52BCC830D001BCDB2 /* MasteringSwiftUI.app */;
			productType = "com.apple.product-type.application";
		};
/* End PBXNativeTarget section */

/* Begin PBXProject section */
		780D99BD2BCC830D001BCDB2 /* Project object */ = {
			isa = PBXProject;
			attributes = {
				BuildIndependentTargetsInParallel = 1;
				LastSwiftUpdateCheck = 1530;
				LastUpgradeCheck = 1530;
				TargetAttributes = {
					780D99C42BCC830D001BCDB2 = {
						CreatedOnToolsVersion = 15.3;
					};
				};
			};
			buildConfigurationList = 780D99C02BCC830D001BCDB2 /* Build configuration list for PBXProject "MasteringSwiftUI" */;
			compatibilityVersion = "Xcode 14.0";
			developmentRegion = en;
			hasScannedForEncodings = 0;
			knownRegions = (
				en,
				Base,
			);
			mainGroup = 780D99BC2BCC830D001BCDB2;
			productRefGroup = 780D99C62BCC830D001BCDB2 /* Products */;
			projectDirPath = "";
			projectRoot = "";
			targets = (
				780D99C42BCC830D001BCDB2 /* MasteringSwiftUI */,
			);
		};
/* End PBXProject section */

/* Begin PBXResourcesBuildPhase section */
		780D99C32BCC830D001BCDB2 /* Resources */ = {
			isa = PBXResourcesBuildPhase;
			buildActionMask = 2147483647;
			files = (
				780D99D02BCC830F001BCDB2 /* Preview Assets.xcassets in Resources */,
				780D99CD2BCC830F001BCDB2 /* Assets.xcassets in Resources */,
			);
			runOnlyForDeploymentPostprocessing = 0;
		};
/* End PBXResourcesBuildPhase section */

/* Begin PBXSourcesBuildPhase section */
		780D99C12BCC830D001BCDB2 /* Sources */ = {
			isa = PBXSourcesBuildPhase;
			buildActionMask = 2147483647;
			files = (
				780D99D72BCC8874001BCDB2 /* FontAnimation.swift in Sources */,
				780D99CB2BCC830D001BCDB2 /* ContentView.swift in Sources */,
				780D99D92BCC8A27001BCDB2 /* MasteringGrids.swift in Sources */,
				780D9A2C2BCD76FD001BCDB2 /* MasterGrids.swift in Sources */,
				780D99DD2BCCABAE001BCDB2 /* ListExercise.swift in Sources */,
				780D9A2A2BCD6F48001BCDB2 /* Navigationing.swift in Sources */,
				780D9A302BCD7A2C001BCDB2 /* ImageConsts.swift in Sources */,
				780D99DB2BCC8C00001BCDB2 /* MasteringNavigation.swift in Sources */,
				780D9A2E2BCD7994001BCDB2 /* ImageDrag.swift in Sources */,
				780D9A322BCD7B35001BCDB2 /* DraggableImageModel.swift in Sources */,
				780D9A342BCD8F36001BCDB2 /* TrimCapsulke.swift in Sources */,
				780D99DF2BCCACE2001BCDB2 /* GradientAnimation.swift in Sources */,
				780D99C92BCC830D001BCDB2 /* MasteringSwiftUIApp.swift in Sources */,
			);
			runOnlyForDeploymentPostprocessing = 0;
		};
/* End PBXSourcesBuildPhase section */

/* Begin XCBuildConfiguration section */
		780D99D12BCC830F001BCDB2 /* Debug */ = {
			isa = XCBuildConfiguration;
			buildSettings = {
				ALWAYS_SEARCH_USER_PATHS = NO;
				ASSETCATALOG_COMPILER_GENERATE_SWIFT_ASSET_SYMBOL_EXTENSIONS = YES;
				CLANG_ANALYZER_NONNULL = YES;
				CLANG_ANALYZER_NUMBER_OBJECT_CONVERSION = YES_AGGRESSIVE;
				CLANG_CXX_LANGUAGE_STANDARD = "gnu++20";
				CLANG_ENABLE_MODULES = YES;
				CLANG_ENABLE_OBJC_ARC = YES;
				CLANG_ENABLE_OBJC_WEAK = YES;
				CLANG_WARN_BLOCK_CAPTURE_AUTORELEASING = YES;
				CLANG_WARN_BOOL_CONVERSION = YES;
				CLANG_WARN_COMMA = YES;
				CLANG_WARN_CONSTANT_CONVERSION = YES;
				CLANG_WARN_DEPRECATED_OBJC_IMPLEMENTATIONS = YES;
				CLANG_WARN_DIRECT_OBJC_ISA_USAGE = YES_ERROR;
				CLANG_WARN_DOCUMENTATION_COMMENTS = YES;
				CLANG_WARN_EMPTY_BODY = YES;
				CLANG_WARN_ENUM_CONVERSION = YES;
				CLANG_WARN_INFINITE_RECURSION = YES;
				CLANG_WARN_INT_CONVERSION = YES;
				CLANG_WARN_NON_LITERAL_NULL_CONVERSION = YES;
				CLANG_WARN_OBJC_IMPLICIT_RETAIN_SELF = YES;
				CLANG_WARN_OBJC_LITERAL_CONVERSION = YES;
				CLANG_WARN_OBJC_ROOT_CLASS = YES_ERROR;
				CLANG_WARN_QUOTED_INCLUDE_IN_FRAMEWORK_HEADER = YES;
				CLANG_WARN_RANGE_LOOP_ANALYSIS = YES;
				CLANG_WARN_STRICT_PROTOTYPES = YES;
				CLANG_WARN_SUSPICIOUS_MOVE = YES;
				CLANG_WARN_UNGUARDED_AVAILABILITY = YES_AGGRESSIVE;
				CLANG_WARN_UNREACHABLE_CODE = YES;
				CLANG_WARN__DUPLICATE_METHOD_MATCH = YES;
				COPY_PHASE_STRIP = NO;
				DEBUG_INFORMATION_FORMAT = dwarf;
				ENABLE_STRICT_OBJC_MSGSEND = YES;
				ENABLE_TESTABILITY = YES;
				ENABLE_USER_SCRIPT_SANDBOXING = YES;
				GCC_C_LANGUAGE_STANDARD = gnu17;
				GCC_DYNAMIC_NO_PIC = NO;
				GCC_NO_COMMON_BLOCKS = YES;
				GCC_OPTIMIZATION_LEVEL = 0;
				GCC_PREPROCESSOR_DEFINITIONS = (
					"DEBUG=1",
					"$(inherited)",
				);
				GCC_WARN_64_TO_32_BIT_CONVERSION = YES;
				GCC_WARN_ABOUT_RETURN_TYPE = YES_ERROR;
				GCC_WARN_UNDECLARED_SELECTOR = YES;
				GCC_WARN_UNINITIALIZED_AUTOS = YES_AGGRESSIVE;
				GCC_WARN_UNUSED_FUNCTION = YES;
				GCC_WARN_UNUSED_VARIABLE = YES;
				IPHONEOS_DEPLOYMENT_TARGET = 17.4;
				LOCALIZATION_PREFERS_STRING_CATALOGS = YES;
				MTL_ENABLE_DEBUG_INFO = INCLUDE_SOURCE;
				MTL_FAST_MATH = YES;
				ONLY_ACTIVE_ARCH = YES;
				SDKROOT = iphoneos;
				SWIFT_ACTIVE_COMPILATION_CONDITIONS = "DEBUG $(inherited)";
				SWIFT_OPTIMIZATION_LEVEL = "-Onone";
			};
			name = Debug;
		};
		780D99D22BCC830F001BCDB2 /* Release */ = {
			isa = XCBuildConfiguration;
			buildSettings = {
				ALWAYS_SEARCH_USER_PATHS = NO;
				ASSETCATALOG_COMPILER_GENERATE_SWIFT_ASSET_SYMBOL_EXTENSIONS = YES;
				CLANG_ANALYZER_NONNULL = YES;
				CLANG_ANALYZER_NUMBER_OBJECT_CONVERSION = YES_AGGRESSIVE;
				CLANG_CXX_LANGUAGE_STANDARD = "gnu++20";
				CLANG_ENABLE_MODULES = YES;
				CLANG_ENABLE_OBJC_ARC = YES;
				CLANG_ENABLE_OBJC_WEAK = YES;
				CLANG_WARN_BLOCK_CAPTURE_AUTORELEASING = YES;
				CLANG_WARN_BOOL_CONVERSION = YES;
				CLANG_WARN_COMMA = YES;
				CLANG_WARN_CONSTANT_CONVERSION = YES;
				CLANG_WARN_DEPRECATED_OBJC_IMPLEMENTATIONS = YES;
				CLANG_WARN_DIRECT_OBJC_ISA_USAGE = YES_ERROR;
				CLANG_WARN_DOCUMENTATION_COMMENTS = YES;
				CLANG_WARN_EMPTY_BODY = YES;
				CLANG_WARN_ENUM_CONVERSION = YES;
				CLANG_WARN_INFINITE_RECURSION = YES;
				CLANG_WARN_INT_CONVERSION = YES;
				CLANG_WARN_NON_LITERAL_NULL_CONVERSION = YES;
				CLANG_WARN_OBJC_IMPLICIT_RETAIN_SELF = YES;
				CLANG_WARN_OBJC_LITERAL_CONVERSION = YES;
				CLANG_WARN_OBJC_ROOT_CLASS = YES_ERROR;
				CLANG_WARN_QUOTED_INCLUDE_IN_FRAMEWORK_HEADER = YES;
				CLANG_WARN_RANGE_LOOP_ANALYSIS = YES;
				CLANG_WARN_STRICT_PROTOTYPES = YES;
				CLANG_WARN_SUSPICIOUS_MOVE = YES;
				CLANG_WARN_UNGUARDED_AVAILABILITY = YES_AGGRESSIVE;
				CLANG_WARN_UNREACHABLE_CODE = YES;
				CLANG_WARN__DUPLICATE_METHOD_MATCH = YES;
				COPY_PHASE_STRIP = NO;
				DEBUG_INFORMATION_FORMAT = "dwarf-with-dsym";
				ENABLE_NS_ASSERTIONS = NO;
				ENABLE_STRICT_OBJC_MSGSEND = YES;
				ENABLE_USER_SCRIPT_SANDBOXING = YES;
				GCC_C_LANGUAGE_STANDARD = gnu17;
				GCC_NO_COMMON_BLOCKS = YES;
				GCC_WARN_64_TO_32_BIT_CONVERSION = YES;
				GCC_WARN_ABOUT_RETURN_TYPE = YES_ERROR;
				GCC_WARN_UNDECLARED_SELECTOR = YES;
				GCC_WARN_UNINITIALIZED_AUTOS = YES_AGGRESSIVE;
				GCC_WARN_UNUSED_FUNCTION = YES;
				GCC_WARN_UNUSED_VARIABLE = YES;
				IPHONEOS_DEPLOYMENT_TARGET = 17.4;
				LOCALIZATION_PREFERS_STRING_CATALOGS = YES;
				MTL_ENABLE_DEBUG_INFO = NO;
				MTL_FAST_MATH = YES;
				SDKROOT = iphoneos;
				SWIFT_COMPILATION_MODE = wholemodule;
				VALIDATE_PRODUCT = YES;
			};
			name = Release;
		};
		780D99D42BCC830F001BCDB2 /* Debug */ = {
			isa = XCBuildConfiguration;
			buildSettings = {
				ASSETCATALOG_COMPILER_APPICON_NAME = AppIcon;
				ASSETCATALOG_COMPILER_GLOBAL_ACCENT_COLOR_NAME = AccentColor;
				CODE_SIGN_STYLE = Automatic;
				CURRENT_PROJECT_VERSION = 1;
				DEVELOPMENT_ASSET_PATHS = "\"MasteringSwiftUI/Preview Content\"";
				DEVELOPMENT_TEAM = 8MMCMYL237;
				ENABLE_PREVIEWS = YES;
				GENERATE_INFOPLIST_FILE = YES;
				INFOPLIST_KEY_UIApplicationSceneManifest_Generation = YES;
				INFOPLIST_KEY_UIApplicationSupportsIndirectInputEvents = YES;
				INFOPLIST_KEY_UILaunchScreen_Generation = YES;
				INFOPLIST_KEY_UISupportedInterfaceOrientations_iPad = "UIInterfaceOrientationPortrait UIInterfaceOrientationPortraitUpsideDown UIInterfaceOrientationLandscapeLeft UIInterfaceOrientationLandscapeRight";
				INFOPLIST_KEY_UISupportedInterfaceOrientations_iPhone = "UIInterfaceOrientationPortrait UIInterfaceOrientationLandscapeLeft UIInterfaceOrientationLandscapeRight";
				LD_RUNPATH_SEARCH_PATHS = (
					"$(inherited)",
					"@executable_path/Frameworks",
				);
				MARKETING_VERSION = 1.0;
				PRODUCT_BUNDLE_IDENTIFIER = com.GuySteinberg.MasteringSwiftUI;
				PRODUCT_NAME = "$(TARGET_NAME)";
				SWIFT_EMIT_LOC_STRINGS = YES;
				SWIFT_VERSION = 5.0;
				TARGETED_DEVICE_FAMILY = "1,2";
			};
			name = Debug;
		};
		780D99D52BCC830F001BCDB2 /* Release */ = {
			isa = XCBuildConfiguration;
			buildSettings = {
				ASSETCATALOG_COMPILER_APPICON_NAME = AppIcon;
				ASSETCATALOG_COMPILER_GLOBAL_ACCENT_COLOR_NAME = AccentColor;
				CODE_SIGN_STYLE = Automatic;
				CURRENT_PROJECT_VERSION = 1;
				DEVELOPMENT_ASSET_PATHS = "\"MasteringSwiftUI/Preview Content\"";
				DEVELOPMENT_TEAM = 8MMCMYL237;
				ENABLE_PREVIEWS = YES;
				GENERATE_INFOPLIST_FILE = YES;
				INFOPLIST_KEY_UIApplicationSceneManifest_Generation = YES;
				INFOPLIST_KEY_UIApplicationSupportsIndirectInputEvents = YES;
				INFOPLIST_KEY_UILaunchScreen_Generation = YES;
				INFOPLIST_KEY_UISupportedInterfaceOrientations_iPad = "UIInterfaceOrientationPortrait UIInterfaceOrientationPortraitUpsideDown UIInterfaceOrientationLandscapeLeft UIInterfaceOrientationLandscapeRight";
				INFOPLIST_KEY_UISupportedInterfaceOrientations_iPhone = "UIInterfaceOrientationPortrait UIInterfaceOrientationLandscapeLeft UIInterfaceOrientationLandscapeRight";
				LD_RUNPATH_SEARCH_PATHS = (
					"$(inherited)",
					"@executable_path/Frameworks",
				);
				MARKETING_VERSION = 1.0;
				PRODUCT_BUNDLE_IDENTIFIER = com.GuySteinberg.MasteringSwiftUI;
				PRODUCT_NAME = "$(TARGET_NAME)";
				SWIFT_EMIT_LOC_STRINGS = YES;
				SWIFT_VERSION = 5.0;
				TARGETED_DEVICE_FAMILY = "1,2";
			};
			name = Release;
		};
/* End XCBuildConfiguration section */

/* Begin XCConfigurationList section */
		780D99C02BCC830D001BCDB2 /* Build configuration list for PBXProject "MasteringSwiftUI" */ = {
			isa = XCConfigurationList;
			buildConfigurations = (
				780D99D12BCC830F001BCDB2 /* Debug */,
				780D99D22BCC830F001BCDB2 /* Release */,
			);
			defaultConfigurationIsVisible = 0;
			defaultConfigurationName = Release;
		};
		780D99D32BCC830F001BCDB2 /* Build configuration list for PBXNativeTarget "MasteringSwiftUI" */ = {
			isa = XCConfigurationList;
			buildConfigurations = (
				780D99D42BCC830F001BCDB2 /* Debug */,
				780D99D52BCC830F001BCDB2 /* Release */,
			);
			defaultConfigurationIsVisible = 0;
			defaultConfigurationName = Release;
		};
/* End XCConfigurationList section */
	};
	rootObject = 780D99BD2BCC830D001BCDB2 /* Project object */;
}
